
Microsoft Visual Studio Solution File, Format Version 12.00
# Visual Studio 2010
Project("{8BC9CEB8-8B4A-11D0-8D11-00A0C91BC942}") = "maxawdexporter", "maxawd_exporter.vcxproj", "{3CF2B19A-F797-48A4-95D4-2B33732E4186}"
EndProject
Project("{8BC9CEB8-8B4A-11D0-8D11-00A0C91BC942}") = "maxawdimporter", "maxawd_importer.vcxproj", "{6671F0BA-6FB8-4F35-8392-0676D05113A8}"
EndProject
Project("{2150E333-8FDC-42A3-9474-1A3956D46DE8}") = "Solution Items", "Solution Items", "{F49AF14D-7276-4E96-B37B-510AE787E6A8}"
	ProjectSection(SolutionItems) = preProject
		Performance1.psess = Performance1.psess
	EndProjectSection
EndProject
Project("{8BC9CEB8-8B4A-11D0-8D11-00A0C91BC942}") = "libawd", "..\awd-sdk\cpp-libawd\libawd.vcxproj", "{9C852FB1-3261-4AD6-8ACD-C97B1AAEBA29}"
EndProject
Global
	GlobalSection(SolutionConfigurationPlatforms) = preSolution
		2012 Debug|Mixed Platforms = 2012 Debug|Mixed Platforms
		2012 Debug|Win32 = 2012 Debug|Win32
		2012 Debug|x64 = 2012 Debug|x64
		2012 Release|Mixed Platforms = 2012 Release|Mixed Platforms
		2012 Release|Win32 = 2012 Release|Win32
		2012 Release|x64 = 2012 Release|x64
		2013 Debug libawd|Mixed Platforms = 2013 Debug libawd|Mixed Platforms
		2013 Debug libawd|Win32 = 2013 Debug libawd|Win32
		2013 Debug libawd|x64 = 2013 Debug libawd|x64
		2013 Debug|Mixed Platforms = 2013 Debug|Mixed Platforms
		2013 Debug|Win32 = 2013 Debug|Win32
		2013 Debug|x64 = 2013 Debug|x64
		2013 Release libawd|Mixed Platforms = 2013 Release libawd|Mixed Platforms
		2013 Release libawd|Win32 = 2013 Release libawd|Win32
		2013 Release libawd|x64 = 2013 Release libawd|x64
		2013 Release|Mixed Platforms = 2013 Release|Mixed Platforms
		2013 Release|Win32 = 2013 Release|Win32
		2013 Release|x64 = 2013 Release|x64
		2014 Debug libawd|Mixed Platforms = 2014 Debug libawd|Mixed Platforms
		2014 Debug libawd|Win32 = 2014 Debug libawd|Win32
		2014 Debug libawd|x64 = 2014 Debug libawd|x64
		2014 Debug|Mixed Platforms = 2014 Debug|Mixed Platforms
		2014 Debug|Win32 = 2014 Debug|Win32
		2014 Debug|x64 = 2014 Debug|x64
		2014 Release libawd|Mixed Platforms = 2014 Release libawd|Mixed Platforms
		2014 Release libawd|Win32 = 2014 Release libawd|Win32
		2014 Release libawd|x64 = 2014 Release libawd|x64
		2014 Release|Mixed Platforms = 2014 Release|Mixed Platforms
		2014 Release|Win32 = 2014 Release|Win32
		2014 Release|x64 = 2014 Release|x64
		2015 Debug|Mixed Platforms = 2015 Debug|Mixed Platforms
		2015 Debug|Win32 = 2015 Debug|Win32
		2015 Debug|x64 = 2015 Debug|x64
		2015 Release|Mixed Platforms = 2015 Release|Mixed Platforms
		2015 Release|Win32 = 2015 Release|Win32
		2015 Release|x64 = 2015 Release|x64
		Debug|Mixed Platforms = Debug|Mixed Platforms
		Debug|Win32 = Debug|Win32
		Debug|x64 = Debug|x64
		Release|Mixed Platforms = Release|Mixed Platforms
		Release|Win32 = Release|Win32
		Release|x64 = Release|x64
	EndGlobalSection
	GlobalSection(ProjectConfigurationPlatforms) = postSolution
		{3CF2B19A-F797-48A4-95D4-2B33732E4186}.2012 Debug|Mixed Platforms.ActiveCfg = 2012 Debug|x64
		{3CF2B19A-F797-48A4-95D4-2B33732E4186}.2012 Debug|Mixed Platforms.Build.0 = 2012 Debug|x64
		{3CF2B19A-F797-48A4-95D4-2B33732E4186}.2012 Debug|Win32.ActiveCfg = 2012 Debug|Win32
		{3CF2B19A-F797-48A4-95D4-2B33732E4186}.2012 Debug|Win32.Build.0 = 2012 Debug|Win32
		{3CF2B19A-F797-48A4-95D4-2B33732E4186}.2012 Debug|x64.ActiveCfg = 2012 Debug|x64
		{3CF2B19A-F797-48A4-95D4-2B33732E4186}.2012 Debug|x64.Build.0 = 2012 Debug|x64
		{3CF2B19A-F797-48A4-95D4-2B33732E4186}.2012 Release|Mixed Platforms.ActiveCfg = 2012 Release|x64
		{3CF2B19A-F797-48A4-95D4-2B33732E4186}.2012 Release|Mixed Platforms.Build.0 = 2012 Release|x64
		{3CF2B19A-F797-48A4-95D4-2B33732E4186}.2012 Release|Win32.ActiveCfg = 2012 Release|Win32
		{3CF2B19A-F797-48A4-95D4-2B33732E4186}.2012 Release|Win32.Build.0 = 2012 Release|Win32
		{3CF2B19A-F797-48A4-95D4-2B33732E4186}.2012 Release|x64.ActiveCfg = 2012 Release|x64
		{3CF2B19A-F797-48A4-95D4-2B33732E4186}.2012 Release|x64.Build.0 = 2012 Release|x64
		{3CF2B19A-F797-48A4-95D4-2B33732E4186}.2013 Debug libawd|Mixed Platforms.ActiveCfg = 2013 Debug|x64
		{3CF2B19A-F797-48A4-95D4-2B33732E4186}.2013 Debug libawd|Mixed Platforms.Build.0 = 2013 Debug|x64
		{3CF2B19A-F797-48A4-95D4-2B33732E4186}.2013 Debug libawd|Win32.ActiveCfg = 2013 Debug|x64
		{3CF2B19A-F797-48A4-95D4-2B33732E4186}.2013 Debug libawd|x64.ActiveCfg = 2013 Debug|x64
		{3CF2B19A-F797-48A4-95D4-2B33732E4186}.2013 Debug libawd|x64.Build.0 = 2013 Debug|x64
		{3CF2B19A-F797-48A4-95D4-2B33732E4186}.2013 Debug|Mixed Platforms.ActiveCfg = 2013 Debug|x64
		{3CF2B19A-F797-48A4-95D4-2B33732E4186}.2013 Debug|Mixed Platforms.Build.0 = 2013 Debug|x64
		{3CF2B19A-F797-48A4-95D4-2B33732E4186}.2013 Debug|Win32.ActiveCfg = 2013 Debug|Win32
		{3CF2B19A-F797-48A4-95D4-2B33732E4186}.2013 Debug|Win32.Build.0 = 2013 Debug|Win32
		{3CF2B19A-F797-48A4-95D4-2B33732E4186}.2013 Debug|x64.ActiveCfg = 2013 Debug|x64
		{3CF2B19A-F797-48A4-95D4-2B33732E4186}.2013 Debug|x64.Build.0 = 2013 Debug|x64
		{3CF2B19A-F797-48A4-95D4-2B33732E4186}.2013 Release libawd|Mixed Platforms.ActiveCfg = 2013 Release|x64
		{3CF2B19A-F797-48A4-95D4-2B33732E4186}.2013 Release libawd|Mixed Platforms.Build.0 = 2013 Release|x64
		{3CF2B19A-F797-48A4-95D4-2B33732E4186}.2013 Release libawd|Win32.ActiveCfg = 2013 Release|x64
		{3CF2B19A-F797-48A4-95D4-2B33732E4186}.2013 Release libawd|x64.ActiveCfg = 2013 Release|x64
		{3CF2B19A-F797-48A4-95D4-2B33732E4186}.2013 Release libawd|x64.Build.0 = 2013 Release|x64
		{3CF2B19A-F797-48A4-95D4-2B33732E4186}.2013 Release|Mixed Platforms.ActiveCfg = 2013 Release|x64
		{3CF2B19A-F797-48A4-95D4-2B33732E4186}.2013 Release|Mixed Platforms.Build.0 = 2013 Release|x64
		{3CF2B19A-F797-48A4-95D4-2B33732E4186}.2013 Release|Win32.ActiveCfg = 2013 Release|Win32
		{3CF2B19A-F797-48A4-95D4-2B33732E4186}.2013 Release|Win32.Build.0 = 2013 Release|Win32
		{3CF2B19A-F797-48A4-95D4-2B33732E4186}.2013 Release|x64.ActiveCfg = 2013 Release|x64
		{3CF2B19A-F797-48A4-95D4-2B33732E4186}.2013 Release|x64.Build.0 = 2013 Release|x64
		{3CF2B19A-F797-48A4-95D4-2B33732E4186}.2014 Debug libawd|Mixed Platforms.ActiveCfg = 2014 Debug|x64
		{3CF2B19A-F797-48A4-95D4-2B33732E4186}.2014 Debug libawd|Mixed Platforms.Build.0 = 2014 Debug|x64
		{3CF2B19A-F797-48A4-95D4-2B33732E4186}.2014 Debug libawd|Win32.ActiveCfg = 2014 Debug|x64
		{3CF2B19A-F797-48A4-95D4-2B33732E4186}.2014 Debug libawd|x64.ActiveCfg = 2014 Debug|x64
		{3CF2B19A-F797-48A4-95D4-2B33732E4186}.2014 Debug libawd|x64.Build.0 = 2014 Debug|x64
		{3CF2B19A-F797-48A4-95D4-2B33732E4186}.2014 Debug|Mixed Platforms.ActiveCfg = 2014 Debug|x64
		{3CF2B19A-F797-48A4-95D4-2B33732E4186}.2014 Debug|Mixed Platforms.Build.0 = 2014 Debug|x64
		{3CF2B19A-F797-48A4-95D4-2B33732E4186}.2014 Debug|Win32.ActiveCfg = 2014 Debug|Win32
		{3CF2B19A-F797-48A4-95D4-2B33732E4186}.2014 Debug|Win32.Build.0 = 2014 Debug|Win32
		{3CF2B19A-F797-48A4-95D4-2B33732E4186}.2014 Debug|x64.ActiveCfg = 2014 Debug|x64
		{3CF2B19A-F797-48A4-95D4-2B33732E4186}.2014 Debug|x64.Build.0 = 2014 Debug|x64
		{3CF2B19A-F797-48A4-95D4-2B33732E4186}.2014 Release libawd|Mixed Platforms.ActiveCfg = 2014 Release|x64
		{3CF2B19A-F797-48A4-95D4-2B33732E4186}.2014 Release libawd|Mixed Platforms.Build.0 = 2014 Release|x64
		{3CF2B19A-F797-48A4-95D4-2B33732E4186}.2014 Release libawd|Win32.ActiveCfg = 2014 Release|x64
		{3CF2B19A-F797-48A4-95D4-2B33732E4186}.2014 Release libawd|x64.ActiveCfg = 2014 Release|x64
		{3CF2B19A-F797-48A4-95D4-2B33732E4186}.2014 Release libawd|x64.Build.0 = 2014 Release|x64
		{3CF2B19A-F797-48A4-95D4-2B33732E4186}.2014 Release|Mixed Platforms.ActiveCfg = 2014 Release|x64
		{3CF2B19A-F797-48A4-95D4-2B33732E4186}.2014 Release|Mixed Platforms.Build.0 = 2014 Release|x64
		{3CF2B19A-F797-48A4-95D4-2B33732E4186}.2014 Release|Win32.ActiveCfg = 2014 Release|Win32
		{3CF2B19A-F797-48A4-95D4-2B33732E4186}.2014 Release|Win32.Build.0 = 2014 Release|Win32
		{3CF2B19A-F797-48A4-95D4-2B33732E4186}.2014 Release|x64.ActiveCfg = 2014 Release|x64
		{3CF2B19A-F797-48A4-95D4-2B33732E4186}.2014 Release|x64.Build.0 = 2014 Release|x64
		{3CF2B19A-F797-48A4-95D4-2B33732E4186}.2015 Debug|Mixed Platforms.ActiveCfg = 2015 Debug|x64
		{3CF2B19A-F797-48A4-95D4-2B33732E4186}.2015 Debug|Mixed Platforms.Build.0 = 2015 Debug|x64
		{3CF2B19A-F797-48A4-95D4-2B33732E4186}.2015 Debug|Win32.ActiveCfg = 2015 Debug|Win32
		{3CF2B19A-F797-48A4-95D4-2B33732E4186}.2015 Debug|Win32.Build.0 = 2015 Debug|Win32
		{3CF2B19A-F797-48A4-95D4-2B33732E4186}.2015 Debug|x64.ActiveCfg = 2015 Debug|x64
		{3CF2B19A-F797-48A4-95D4-2B33732E4186}.2015 Debug|x64.Build.0 = 2015 Debug|x64
		{3CF2B19A-F797-48A4-95D4-2B33732E4186}.2015 Release|Mixed Platforms.ActiveCfg = 2015 Release|x64
		{3CF2B19A-F797-48A4-95D4-2B33732E4186}.2015 Release|Mixed Platforms.Build.0 = 2015 Release|x64
		{3CF2B19A-F797-48A4-95D4-2B33732E4186}.2015 Release|Win32.ActiveCfg = 2015 Release|Win32
		{3CF2B19A-F797-48A4-95D4-2B33732E4186}.2015 Release|Win32.Build.0 = 2015 Release|Win32
		{3CF2B19A-F797-48A4-95D4-2B33732E4186}.2015 Release|x64.ActiveCfg = 2015 Release|x64
		{3CF2B19A-F797-48A4-95D4-2B33732E4186}.2015 Release|x64.Build.0 = 2015 Release|x64
		{3CF2B19A-F797-48A4-95D4-2B33732E4186}.Debug|Mixed Platforms.ActiveCfg = 2015 Release|x64
		{3CF2B19A-F797-48A4-95D4-2B33732E4186}.Debug|Mixed Platforms.Build.0 = 2015 Release|x64
		{3CF2B19A-F797-48A4-95D4-2B33732E4186}.Debug|Win32.ActiveCfg = 2015 Debug|Win32
		{3CF2B19A-F797-48A4-95D4-2B33732E4186}.Debug|Win32.Build.0 = 2015 Debug|Win32
		{3CF2B19A-F797-48A4-95D4-2B33732E4186}.Debug|x64.ActiveCfg = 2015 Debug|x64
		{3CF2B19A-F797-48A4-95D4-2B33732E4186}.Debug|x64.Build.0 = 2015 Debug|x64
		{3CF2B19A-F797-48A4-95D4-2B33732E4186}.Release|Mixed Platforms.ActiveCfg = 2015 Release|x64
		{3CF2B19A-F797-48A4-95D4-2B33732E4186}.Release|Mixed Platforms.Build.0 = 2015 Release|x64
		{3CF2B19A-F797-48A4-95D4-2B33732E4186}.Release|Win32.ActiveCfg = 2015 Release|Win32
		{3CF2B19A-F797-48A4-95D4-2B33732E4186}.Release|Win32.Build.0 = 2015 Release|Win32
		{3CF2B19A-F797-48A4-95D4-2B33732E4186}.Release|x64.ActiveCfg = 2015 Release|x64
		{3CF2B19A-F797-48A4-95D4-2B33732E4186}.Release|x64.Build.0 = 2015 Release|x64
		{6671F0BA-6FB8-4F35-8392-0676D05113A8}.2012 Debug|Mixed Platforms.ActiveCfg = 2012 Debug|x64
		{6671F0BA-6FB8-4F35-8392-0676D05113A8}.2012 Debug|Mixed Platforms.Build.0 = 2012 Debug|x64
		{6671F0BA-6FB8-4F35-8392-0676D05113A8}.2012 Debug|Win32.ActiveCfg = 2012 Debug|Win32
		{6671F0BA-6FB8-4F35-8392-0676D05113A8}.2012 Debug|Win32.Build.0 = 2012 Debug|Win32
		{6671F0BA-6FB8-4F35-8392-0676D05113A8}.2012 Debug|x64.ActiveCfg = 2012 Debug|x64
		{6671F0BA-6FB8-4F35-8392-0676D05113A8}.2012 Debug|x64.Build.0 = 2012 Debug|x64
		{6671F0BA-6FB8-4F35-8392-0676D05113A8}.2012 Release|Mixed Platforms.ActiveCfg = 2012 Release|x64
		{6671F0BA-6FB8-4F35-8392-0676D05113A8}.2012 Release|Mixed Platforms.Build.0 = 2012 Release|x64
		{6671F0BA-6FB8-4F35-8392-0676D05113A8}.2012 Release|Win32.ActiveCfg = 2012 Release|Win32
		{6671F0BA-6FB8-4F35-8392-0676D05113A8}.2012 Release|Win32.Build.0 = 2012 Release|Win32
		{6671F0BA-6FB8-4F35-8392-0676D05113A8}.2012 Release|x64.ActiveCfg = 2012 Release|x64
		{6671F0BA-6FB8-4F35-8392-0676D05113A8}.2012 Release|x64.Build.0 = 2012 Release|x64
		{6671F0BA-6FB8-4F35-8392-0676D05113A8}.2013 Debug libawd|Mixed Platforms.ActiveCfg = 2013 Debug|x64
		{6671F0BA-6FB8-4F35-8392-0676D05113A8}.2013 Debug libawd|Mixed Platforms.Build.0 = 2013 Debug|x64
		{6671F0BA-6FB8-4F35-8392-0676D05113A8}.2013 Debug libawd|Win32.ActiveCfg = 2013 Debug|x64
		{6671F0BA-6FB8-4F35-8392-0676D05113A8}.2013 Debug libawd|x64.ActiveCfg = 2013 Debug|x64
		{6671F0BA-6FB8-4F35-8392-0676D05113A8}.2013 Debug libawd|x64.Build.0 = 2013 Debug|x64
		{6671F0BA-6FB8-4F35-8392-0676D05113A8}.2013 Debug|Mixed Platforms.ActiveCfg = 2013 Debug|x64
		{6671F0BA-6FB8-4F35-8392-0676D05113A8}.2013 Debug|Mixed Platforms.Build.0 = 2013 Debug|x64
		{6671F0BA-6FB8-4F35-8392-0676D05113A8}.2013 Debug|Win32.ActiveCfg = 2013 Debug|Win32
		{6671F0BA-6FB8-4F35-8392-0676D05113A8}.2013 Debug|Win32.Build.0 = 2013 Debug|Win32
		{6671F0BA-6FB8-4F35-8392-0676D05113A8}.2013 Debug|x64.ActiveCfg = 2013 Debug|x64
		{6671F0BA-6FB8-4F35-8392-0676D05113A8}.2013 Debug|x64.Build.0 = 2013 Debug|x64
		{6671F0BA-6FB8-4F35-8392-0676D05113A8}.2013 Release libawd|Mixed Platforms.ActiveCfg = 2013 Release|x64
		{6671F0BA-6FB8-4F35-8392-0676D05113A8}.2013 Release libawd|Mixed Platforms.Build.0 = 2013 Release|x64
		{6671F0BA-6FB8-4F35-8392-0676D05113A8}.2013 Release libawd|Win32.ActiveCfg = 2013 Release|x64
		{6671F0BA-6FB8-4F35-8392-0676D05113A8}.2013 Release libawd|x64.ActiveCfg = 2013 Release|x64
		{6671F0BA-6FB8-4F35-8392-0676D05113A8}.2013 Release libawd|x64.Build.0 = 2013 Release|x64
		{6671F0BA-6FB8-4F35-8392-0676D05113A8}.2013 Release|Mixed Platforms.ActiveCfg = 2013 Release|x64
		{6671F0BA-6FB8-4F35-8392-0676D05113A8}.2013 Release|Mixed Platforms.Build.0 = 2013 Release|x64
		{6671F0BA-6FB8-4F35-8392-0676D05113A8}.2013 Release|Win32.ActiveCfg = 2013 Release|Win32
		{6671F0BA-6FB8-4F35-8392-0676D05113A8}.2013 Release|Win32.Build.0 = 2013 Release|Win32
		{6671F0BA-6FB8-4F35-8392-0676D05113A8}.2013 Release|x64.ActiveCfg = 2013 Release|x64
		{6671F0BA-6FB8-4F35-8392-0676D05113A8}.2013 Release|x64.Build.0 = 2013 Release|x64
		{6671F0BA-6FB8-4F35-8392-0676D05113A8}.2014 Debug libawd|Mixed Platforms.ActiveCfg = 2014 Debug|x64
		{6671F0BA-6FB8-4F35-8392-0676D05113A8}.2014 Debug libawd|Mixed Platforms.Build.0 = 2014 Debug|x64
		{6671F0BA-6FB8-4F35-8392-0676D05113A8}.2014 Debug libawd|Win32.ActiveCfg = 2014 Debug|x64
		{6671F0BA-6FB8-4F35-8392-0676D05113A8}.2014 Debug libawd|x64.ActiveCfg = 2014 Debug|x64
		{6671F0BA-6FB8-4F35-8392-0676D05113A8}.2014 Debug libawd|x64.Build.0 = 2014 Debug|x64
		{6671F0BA-6FB8-4F35-8392-0676D05113A8}.2014 Debug|Mixed Platforms.ActiveCfg = 2014 Debug|x64
		{6671F0BA-6FB8-4F35-8392-0676D05113A8}.2014 Debug|Mixed Platforms.Build.0 = 2014 Debug|x64
		{6671F0BA-6FB8-4F35-8392-0676D05113A8}.2014 Debug|Win32.ActiveCfg = 2014 Debug|Win32
		{6671F0BA-6FB8-4F35-8392-0676D05113A8}.2014 Debug|Win32.Build.0 = 2014 Debug|Win32
		{6671F0BA-6FB8-4F35-8392-0676D05113A8}.2014 Debug|x64.ActiveCfg = 2014 Debug|x64
		{6671F0BA-6FB8-4F35-8392-0676D05113A8}.2014 Debug|x64.Build.0 = 2014 Debug|x64
		{6671F0BA-6FB8-4F35-8392-0676D05113A8}.2014 Release libawd|Mixed Platforms.ActiveCfg = 2014 Release|x64
		{6671F0BA-6FB8-4F35-8392-0676D05113A8}.2014 Release libawd|Mixed Platforms.Build.0 = 2014 Release|x64
		{6671F0BA-6FB8-4F35-8392-0676D05113A8}.2014 Release libawd|Win32.ActiveCfg = 2014 Release|x64
		{6671F0BA-6FB8-4F35-8392-0676D05113A8}.2014 Release libawd|x64.ActiveCfg = 2014 Release|x64
		{6671F0BA-6FB8-4F35-8392-0676D05113A8}.2014 Release libawd|x64.Build.0 = 2014 Release|x64
		{6671F0BA-6FB8-4F35-8392-0676D05113A8}.2014 Release|Mixed Platforms.ActiveCfg = 2014 Release|x64
		{6671F0BA-6FB8-4F35-8392-0676D05113A8}.2014 Release|Mixed Platforms.Build.0 = 2014 Release|x64
		{6671F0BA-6FB8-4F35-8392-0676D05113A8}.2014 Release|Win32.ActiveCfg = 2014 Release|Win32
		{6671F0BA-6FB8-4F35-8392-0676D05113A8}.2014 Release|Win32.Build.0 = 2014 Release|Win32
		{6671F0BA-6FB8-4F35-8392-0676D05113A8}.2014 Release|x64.ActiveCfg = 2014 Release|x64
		{6671F0BA-6FB8-4F35-8392-0676D05113A8}.2014 Release|x64.Build.0 = 2014 Release|x64
		{6671F0BA-6FB8-4F35-8392-0676D05113A8}.2015 Debug|Mixed Platforms.ActiveCfg = 2015 Debug|x64
		{6671F0BA-6FB8-4F35-8392-0676D05113A8}.2015 Debug|Mixed Platforms.Build.0 = 2015 Debug|x64
		{6671F0BA-6FB8-4F35-8392-0676D05113A8}.2015 Debug|Win32.ActiveCfg = 2015 Debug|Win32
		{6671F0BA-6FB8-4F35-8392-0676D05113A8}.2015 Debug|Win32.Build.0 = 2015 Debug|Win32
		{6671F0BA-6FB8-4F35-8392-0676D05113A8}.2015 Debug|x64.ActiveCfg = 2015 Debug|x64
		{6671F0BA-6FB8-4F35-8392-0676D05113A8}.2015 Debug|x64.Build.0 = 2015 Debug|x64
		{6671F0BA-6FB8-4F35-8392-0676D05113A8}.2015 Release|Mixed Platforms.ActiveCfg = 2015 Release|x64
		{6671F0BA-6FB8-4F35-8392-0676D05113A8}.2015 Release|Mixed Platforms.Build.0 = 2015 Release|x64
		{6671F0BA-6FB8-4F35-8392-0676D05113A8}.2015 Release|Win32.ActiveCfg = 2015 Release|Win32
		{6671F0BA-6FB8-4F35-8392-0676D05113A8}.2015 Release|Win32.Build.0 = 2015 Release|Win32
		{6671F0BA-6FB8-4F35-8392-0676D05113A8}.2015 Release|x64.ActiveCfg = 2015 Release|x64
		{6671F0BA-6FB8-4F35-8392-0676D05113A8}.2015 Release|x64.Build.0 = 2015 Release|x64
		{6671F0BA-6FB8-4F35-8392-0676D05113A8}.Debug|Mixed Platforms.ActiveCfg = 2015 Release|x64
		{6671F0BA-6FB8-4F35-8392-0676D05113A8}.Debug|Mixed Platforms.Build.0 = 2015 Release|x64
		{6671F0BA-6FB8-4F35-8392-0676D05113A8}.Debug|Win32.ActiveCfg = 2015 Debug|Win32
		{6671F0BA-6FB8-4F35-8392-0676D05113A8}.Debug|Win32.Build.0 = 2015 Debug|Win32
		{6671F0BA-6FB8-4F35-8392-0676D05113A8}.Debug|x64.ActiveCfg = 2015 Debug|x64
		{6671F0BA-6FB8-4F35-8392-0676D05113A8}.Debug|x64.Build.0 = 2015 Debug|x64
		{6671F0BA-6FB8-4F35-8392-0676D05113A8}.Release|Mixed Platforms.ActiveCfg = 2015 Release|x64
		{6671F0BA-6FB8-4F35-8392-0676D05113A8}.Release|Mixed Platforms.Build.0 = 2015 Release|x64
		{6671F0BA-6FB8-4F35-8392-0676D05113A8}.Release|Win32.ActiveCfg = 2015 Release|Win32
		{6671F0BA-6FB8-4F35-8392-0676D05113A8}.Release|Win32.Build.0 = 2015 Release|Win32
		{6671F0BA-6FB8-4F35-8392-0676D05113A8}.Release|x64.ActiveCfg = 2015 Release|x64
		{6671F0BA-6FB8-4F35-8392-0676D05113A8}.Release|x64.Build.0 = 2015 Release|x64
		{9C852FB1-3261-4AD6-8ACD-C97B1AAEBA29}.2012 Debug|Mixed Platforms.ActiveCfg = Debug|x64
		{9C852FB1-3261-4AD6-8ACD-C97B1AAEBA29}.2012 Debug|Mixed Platforms.Build.0 = Debug|x64
		{9C852FB1-3261-4AD6-8ACD-C97B1AAEBA29}.2012 Debug|Win32.ActiveCfg = Debug|Win32
		{9C852FB1-3261-4AD6-8ACD-C97B1AAEBA29}.2012 Debug|Win32.Build.0 = Debug|Win32
		{9C852FB1-3261-4AD6-8ACD-C97B1AAEBA29}.2012 Debug|x64.ActiveCfg = Debug|x64
		{9C852FB1-3261-4AD6-8ACD-C97B1AAEBA29}.2012 Debug|x64.Build.0 = Debug|x64
		{9C852FB1-3261-4AD6-8ACD-C97B1AAEBA29}.2012 Release|Mixed Platforms.ActiveCfg = Release|x64
		{9C852FB1-3261-4AD6-8ACD-C97B1AAEBA29}.2012 Release|Mixed Platforms.Build.0 = Release|x64
		{9C852FB1-3261-4AD6-8ACD-C97B1AAEBA29}.2012 Release|Win32.ActiveCfg = Release|Win32
		{9C852FB1-3261-4AD6-8ACD-C97B1AAEBA29}.2012 Release|Win32.Build.0 = Release|Win32
		{9C852FB1-3261-4AD6-8ACD-C97B1AAEBA29}.2012 Release|x64.ActiveCfg = Release|x64
		{9C852FB1-3261-4AD6-8ACD-C97B1AAEBA29}.2012 Release|x64.Build.0 = Release|x64
		{9C852FB1-3261-4AD6-8ACD-C97B1AAEBA29}.2013 Debug libawd|Mixed Platforms.ActiveCfg = 2013 Debug libawd|x64
		{9C852FB1-3261-4AD6-8ACD-C97B1AAEBA29}.2013 Debug libawd|Mixed Platforms.Build.0 = 2013 Debug libawd|x64
		{9C852FB1-3261-4AD6-8ACD-C97B1AAEBA29}.2013 Debug libawd|Win32.ActiveCfg = 2013 Debug libawd|Win32
		{9C852FB1-3261-4AD6-8ACD-C97B1AAEBA29}.2013 Debug libawd|Win32.Build.0 = 2013 Debug libawd|Win32
		{9C852FB1-3261-4AD6-8ACD-C97B1AAEBA29}.2013 Debug libawd|x64.ActiveCfg = 2013 Debug libawd|x64
		{9C852FB1-3261-4AD6-8ACD-C97B1AAEBA29}.2013 Debug libawd|x64.Build.0 = 2013 Debug libawd|x64
		{9C852FB1-3261-4AD6-8ACD-C97B1AAEBA29}.2013 Debug|Mixed Platforms.ActiveCfg = 2013 Debug libawd|x64
		{9C852FB1-3261-4AD6-8ACD-C97B1AAEBA29}.2013 Debug|Mixed Platforms.Build.0 = 2013 Debug libawd|x64
		{9C852FB1-3261-4AD6-8ACD-C97B1AAEBA29}.2013 Debug|Win32.ActiveCfg = Debug|Win32
		{9C852FB1-3261-4AD6-8ACD-C97B1AAEBA29}.2013 Debug|Win32.Build.0 = Debug|Win32
		{9C852FB1-3261-4AD6-8ACD-C97B1AAEBA29}.2013 Debug|x64.ActiveCfg = 2013 Debug libawd|x64
		{9C852FB1-3261-4AD6-8ACD-C97B1AAEBA29}.2013 Debug|x64.Build.0 = 2013 Debug libawd|x64
		{9C852FB1-3261-4AD6-8ACD-C97B1AAEBA29}.2013 Release libawd|Mixed Platforms.ActiveCfg = 2013 Release libawd|x64
		{9C852FB1-3261-4AD6-8ACD-C97B1AAEBA29}.2013 Release libawd|Mixed Platforms.Build.0 = 2013 Release libawd|x64
		{9C852FB1-3261-4AD6-8ACD-C97B1AAEBA29}.2013 Release libawd|Win32.ActiveCfg = 2013 Release libawd|Win32
		{9C852FB1-3261-4AD6-8ACD-C97B1AAEBA29}.2013 Release libawd|Win32.Build.0 = 2013 Release libawd|Win32
		{9C852FB1-3261-4AD6-8ACD-C97B1AAEBA29}.2013 Release libawd|x64.ActiveCfg = 2013 Release libawd|x64
		{9C852FB1-3261-4AD6-8ACD-C97B1AAEBA29}.2013 Release libawd|x64.Build.0 = 2013 Release libawd|x64
		{9C852FB1-3261-4AD6-8ACD-C97B1AAEBA29}.2013 Release|Mixed Platforms.ActiveCfg = 2013 Release libawd|x64
		{9C852FB1-3261-4AD6-8ACD-C97B1AAEBA29}.2013 Release|Mixed Platforms.Build.0 = 2013 Release libawd|x64
		{9C852FB1-3261-4AD6-8ACD-C97B1AAEBA29}.2013 Release|Win32.ActiveCfg = Release|Win32
		{9C852FB1-3261-4AD6-8ACD-C97B1AAEBA29}.2013 Release|Win32.Build.0 = Release|Win32
		{9C852FB1-3261-4AD6-8ACD-C97B1AAEBA29}.2013 Release|x64.ActiveCfg = 2013 Release libawd|x64
		{9C852FB1-3261-4AD6-8ACD-C97B1AAEBA29}.2013 Release|x64.Build.0 = 2013 Release libawd|x64
		{9C852FB1-3261-4AD6-8ACD-C97B1AAEBA29}.2014 Debug libawd|Mixed Platforms.ActiveCfg = 2014 Debug libawd|x64
		{9C852FB1-3261-4AD6-8ACD-C97B1AAEBA29}.2014 Debug libawd|Mixed Platforms.Build.0 = 2014 Debug libawd|x64
		{9C852FB1-3261-4AD6-8ACD-C97B1AAEBA29}.2014 Debug libawd|Win32.ActiveCfg = 2014 Debug libawd|Win32
		{9C852FB1-3261-4AD6-8ACD-C97B1AAEBA29}.2014 Debug libawd|Win32.Build.0 = 2014 Debug libawd|Win32
		{9C852FB1-3261-4AD6-8ACD-C97B1AAEBA29}.2014 Debug libawd|x64.ActiveCfg = 2014 Debug libawd|x64
		{9C852FB1-3261-4AD6-8ACD-C97B1AAEBA29}.2014 Debug libawd|x64.Build.0 = 2014 Debug libawd|x64
		{9C852FB1-3261-4AD6-8ACD-C97B1AAEBA29}.2014 Debug|Mixed Platforms.ActiveCfg = 2014 Debug libawd|x64
		{9C852FB1-3261-4AD6-8ACD-C97B1AAEBA29}.2014 Debug|Mixed Platforms.Build.0 = 2014 Debug libawd|x64
		{9C852FB1-3261-4AD6-8ACD-C97B1AAEBA29}.2014 Debug|Win32.ActiveCfg = Debug|Win32
		{9C852FB1-3261-4AD6-8ACD-C97B1AAEBA29}.2014 Debug|Win32.Build.0 = Debug|Win32
		{9C852FB1-3261-4AD6-8ACD-C97B1AAEBA29}.2014 Debug|x64.ActiveCfg = 2014 Debug libawd|x64
		{9C852FB1-3261-4AD6-8ACD-C97B1AAEBA29}.2014 Debug|x64.Build.0 = 2014 Debug libawd|x64
		{9C852FB1-3261-4AD6-8ACD-C97B1AAEBA29}.2014 Release libawd|Mixed Platforms.ActiveCfg = 2014 Release libawd|x64
		{9C852FB1-3261-4AD6-8ACD-C97B1AAEBA29}.2014 Release libawd|Mixed Platforms.Build.0 = 2014 Release libawd|x64
		{9C852FB1-3261-4AD6-8ACD-C97B1AAEBA29}.2014 Release libawd|Win32.ActiveCfg = 2014 Release libawd|Win32
		{9C852FB1-3261-4AD6-8ACD-C97B1AAEBA29}.2014 Release libawd|Win32.Build.0 = 2014 Release libawd|Win32
		{9C852FB1-3261-4AD6-8ACD-C97B1AAEBA29}.2014 Release libawd|x64.ActiveCfg = 2014 Release libawd|x64
		{9C852FB1-3261-4AD6-8ACD-C97B1AAEBA29}.2014 Release libawd|x64.Build.0 = 2014 Release libawd|x64
		{9C852FB1-3261-4AD6-8ACD-C97B1AAEBA29}.2014 Release|Mixed Platforms.ActiveCfg = 2014 Release libawd|x64
		{9C852FB1-3261-4AD6-8ACD-C97B1AAEBA29}.2014 Release|Mixed Platforms.Build.0 = 2014 Release libawd|x64
		{9C852FB1-3261-4AD6-8ACD-C97B1AAEBA29}.2014 Release|Win32.ActiveCfg = Release|Win32
		{9C852FB1-3261-4AD6-8ACD-C97B1AAEBA29}.2014 Release|Win32.Build.0 = Release|Win32
		{9C852FB1-3261-4AD6-8ACD-C97B1AAEBA29}.2014 Release|x64.ActiveCfg = 2014 Release libawd|x64
		{9C852FB1-3261-4AD6-8ACD-C97B1AAEBA29}.2014 Release|x64.Build.0 = 2014 Release libawd|x64
		{9C852FB1-3261-4AD6-8ACD-C97B1AAEBA29}.2015 Debug|Mixed Platforms.ActiveCfg = 2015 Debug|x64
		{9C852FB1-3261-4AD6-8ACD-C97B1AAEBA29}.2015 Debug|Mixed Platforms.Build.0 = 2015 Debug|x64
		{9C852FB1-3261-4AD6-8ACD-C97B1AAEBA29}.2015 Debug|Win32.ActiveCfg = 2015 Debug|Win32
		{9C852FB1-3261-4AD6-8ACD-C97B1AAEBA29}.2015 Debug|Win32.Build.0 = 2015 Debug|Win32
		{9C852FB1-3261-4AD6-8ACD-C97B1AAEBA29}.2015 Debug|x64.ActiveCfg = 2015 Debug|x64
		{9C852FB1-3261-4AD6-8ACD-C97B1AAEBA29}.2015 Debug|x64.Build.0 = 2015 Debug|x64
		{9C852FB1-3261-4AD6-8ACD-C97B1AAEBA29}.2015 Release|Mixed Platforms.ActiveCfg = 2015 Release|x64
		{9C852FB1-3261-4AD6-8ACD-C97B1AAEBA29}.2015 Release|Mixed Platforms.Build.0 = 2015 Release|x64
		{9C852FB1-3261-4AD6-8ACD-C97B1AAEBA29}.2015 Release|Win32.ActiveCfg = 2015 Release|Win32
		{9C852FB1-3261-4AD6-8ACD-C97B1AAEBA29}.2015 Release|Win32.Build.0 = 2015 Release|Win32
		{9C852FB1-3261-4AD6-8ACD-C97B1AAEBA29}.2015 Release|x64.ActiveCfg = 2015 Release|x64
		{9C852FB1-3261-4AD6-8ACD-C97B1AAEBA29}.2015 Release|x64.Build.0 = 2015 Release|x64
		{9C852FB1-3261-4AD6-8ACD-C97B1AAEBA29}.Debug|Mixed Platforms.ActiveCfg = Debug|x64
		{9C852FB1-3261-4AD6-8ACD-C97B1AAEBA29}.Debug|Mixed Platforms.Build.0 = Debug|x64
		{9C852FB1-3261-4AD6-8ACD-C97B1AAEBA29}.Debug|Win32.ActiveCfg = Debug|Win32
		{9C852FB1-3261-4AD6-8ACD-C97B1AAEBA29}.Debug|Win32.Build.0 = Debug|Win32
		{9C852FB1-3261-4AD6-8ACD-C97B1AAEBA29}.Debug|x64.ActiveCfg = Debug|x64
		{9C852FB1-3261-4AD6-8ACD-C97B1AAEBA29}.Debug|x64.Build.0 = Debug|x64
		{9C852FB1-3261-4AD6-8ACD-C97B1AAEBA29}.Release|Mixed Platforms.ActiveCfg = Release|x64
		{9C852FB1-3261-4AD6-8ACD-C97B1AAEBA29}.Release|Mixed Platforms.Build.0 = Release|x64
		{9C852FB1-3261-4AD6-8ACD-C97B1AAEBA29}.Release|Win32.ActiveCfg = Release|Win32
		{9C852FB1-3261-4AD6-8ACD-C97B1AAEBA29}.Release|Win32.Build.0 = Release|Win32
		{9C852FB1-3261-4AD6-8ACD-C97B1AAEBA29}.Release|x64.ActiveCfg = Release|x64
		{9C852FB1-3261-4AD6-8ACD-C97B1AAEBA29}.Release|x64.Build.0 = Release|x64
	EndGlobalSection
	GlobalSection(SolutionProperties) = preSolution
		HideSolutionNode = FALSE
	EndGlobalSection
EndGlobal
